
Microsoft Visual Studio Solution File, Format Version 12.00
# Visual Studio Version 16
VisualStudioVersion = 16.0.31112.23
MinimumVisualStudioVersion = 10.0.40219.1
Project("{FAE04EC0-301F-11D3-BF4B-00C04F79EFBC}") = "BasicEmployeeAppwithTests", "BasicEmployeeAppwithTests\BasicEmployeeAppwithTests.csproj", "{910FA393-E345-4117-9A8D-63F2B269BB55}"
EndProject
Global
	GlobalSection(SolutionConfigurationPlatforms) = preSolution
		Debug|Any CPU = Debug|Any CPU
		Release|Any CPU = Release|Any CPU
	EndGlobalSection
	GlobalSection(ProjectConfigurationPlatforms) = postSolution
		{910FA393-E345-4117-9A8D-63F2B269BB55}.Debug|Any CPU.ActiveCfg = Debug|Any CPU
		{910FA393-E345-4117-9A8D-63F2B269BB55}.Debug|Any CPU.Build.0 = Debug|Any CPU
		{910FA393-E345-4117-9A8D-63F2B269BB55}.Release|Any CPU.ActiveCfg = Release|Any CPU
		{910FA393-E345-4117-9A8D-63F2B269BB55}.Release|Any CPU.Build.0 = Release|Any CPU
	EndGlobalSection
	GlobalSection(SolutionProperties) = preSolution
		HideSolutionNode = FALSE
	EndGlobalSection
	GlobalSection(ExtensibilityGlobals) = postSolution
		SolutionGuid = {69346470-B3BB-4B5F-87C4-49097FE9CE93}
	EndGlobalSection
EndGlobal
